
Microsoft Visual Studio Solution File, Format Version 12.00
# Visual Studio Version 17
VisualStudioVersion = 17.5.002.0
MinimumVisualStudioVersion = 10.0.40219.1
Project("{9A19103F-16F7-4668-BE54-9A1E7A4F7556}") = "blackjack_single_symbol", "blackjack_single_symbol.csproj", "{C863FDE4-41AD-4895-BABB-2C96B1FB2CB5}"
EndProject
Global
	GlobalSection(SolutionConfigurationPlatforms) = preSolution
		Debug|Any CPU = Debug|Any CPU
		Release|Any CPU = Release|Any CPU
	EndGlobalSection
	GlobalSection(ProjectConfigurationPlatforms) = postSolution
		{C863FDE4-41AD-4895-BABB-2C96B1FB2CB5}.Debug|Any CPU.ActiveCfg = Debug|Any CPU
		{C863FDE4-41AD-4895-BABB-2C96B1FB2CB5}.Debug|Any CPU.Build.0 = Debug|Any CPU
		{C863FDE4-41AD-4895-BABB-2C96B1FB2CB5}.Release|Any CPU.ActiveCfg = Release|Any CPU
		{C863FDE4-41AD-4895-BABB-2C96B1FB2CB5}.Release|Any CPU.Build.0 = Release|Any CPU
	EndGlobalSection
	GlobalSection(SolutionProperties) = preSolution
		HideSolutionNode = FALSE
	EndGlobalSection
	GlobalSection(ExtensibilityGlobals) = postSolution
		SolutionGuid = {638FABDF-AF85-483D-8C0B-A20E789ABE5D}
	EndGlobalSection
EndGlobal
